{
  "name": "@claude-flow/browser",
  "version": "3.0.0-alpha.4",
  "lockfileVersion": 3,
  "requires": true,
  "packages": {
    "": {
      "name": "@claude-flow/browser",
      "version": "3.0.0-alpha.4",
      "hasInstallScript": true,
      "license": "MIT",
      "dependencies": {
        "agent-browser": "^0.27.0",
        "agentic-flow": "^2.0.3",
        "zod": "^3.22.4"
      },
      "devDependencies": {
        "@types/node": "^20.10.0",
        "typescript": "^5.3.0",
        "vitest": "^4.0.16"
      },
      "engines": {
        "node": ">=18.0.0"
      },
      "peerDependencies": {
        "@claude-flow/cli": ">=3.5.0"
      }
    },
    "../../node_modules/.pnpm/@claude-flow+cli@3.6.30_@types+node@20.19.27_zod@3.25.76/node_modules/@claude-flow/cli": {
      "version": "3.6.30",
      "extraneous": true,
      "hasInstallScript": true,
      "license": "MIT",
      "dependencies": {
        "@claude-flow/mcp": "^3.0.0-alpha.8",
        "@claude-flow/shared": "^3.0.0-alpha.7",
        "@noble/ed25519": "^2.1.0",
        "@ruvector/rabitq-wasm": "^0.1.0",
        "semver": "^7.6.0"
      },
      "bin": {
        "claude-flow": "bin/cli.js",
        "claude-flow-mcp": "bin/mcp-server.js",
        "cli": "bin/cli.js"
      },
      "devDependencies": {
        "typescript": "^5.3.0",
        "vitest": "^4.0.16"
      },
      "optionalDependencies": {
        "@claude-flow/aidefence": "^3.0.2",
        "@claude-flow/codex": "^3.0.0-alpha.8",
        "@claude-flow/embeddings": "^3.0.0-alpha.12",
        "@claude-flow/guidance": "^3.0.0-alpha.1",
        "@claude-flow/memory": "^3.0.0-alpha.12",
        "@claude-flow/plugin-gastown-bridge": "^0.1.3",
        "@claude-flow/security": "^3.0.0-alpha.1",
        "@ruvector/attention": "^0.1.32",
        "@ruvector/attention-darwin-arm64": "0.1.32",
        "@ruvector/diskann": "^0.1.0",
        "@ruvector/learning-wasm": "^0.1.29",
        "@ruvector/router": "^0.1.30",
        "@ruvector/ruvllm-wasm": "^2.0.2",
        "@ruvector/rvagent-wasm": "^0.1.0",
        "@ruvector/sona": "^0.1.5",
        "agentdb": "^3.0.0-alpha.11",
        "agentic-flow": "^3.0.0-alpha.1"
      }
    },
    "../../node_modules/.pnpm/@types+node@20.19.27/node_modules/@types/node": {
      "version": "20.19.27",
      "dev": true,
      "license": "MIT",
      "dependencies": {
        "undici-types": "~6.21.0"
      }
    },
    "../../node_modules/.pnpm/agentic-flow@2.0.3_@types+node@20.19.27_marked@11.2.0/node_modules/agentic-flow": {
      "version": "2.0.3",
      "hasInstallScript": true,
      "license": "MIT",
      "dependencies": {
        "@anthropic-ai/claude-agent-sdk": "^0.1.5",
        "@anthropic-ai/sdk": "^0.65.0",
        "@google/genai": "^1.22.0",
        "@ruvector/core": "^0.1.29",
        "@ruvector/edge-full": "^0.1.0",
        "@ruvector/router": "^0.1.25",
        "@ruvector/ruvllm": "^0.2.3",
        "@ruvector/tiny-dancer": "^0.1.15",
        "@supabase/supabase-js": "^2.78.0",
        "@xenova/transformers": "^2.17.2",
        "axios": "^1.12.2",
        "dotenv": "^16.4.5",
        "express": "^5.1.0",
        "fastmcp": "^3.19.0",
        "glob": "^13.0.0",
        "gun": "^0.2020.1241",
        "http-proxy-middleware": "^3.0.5",
        "ruvector": "^0.1.85",
        "ruvector-onnx-embeddings-wasm": "^0.1.2",
        "tiktoken": "^1.0.22",
        "ulid": "^3.0.1",
        "ws": "^8.18.3",
        "yaml": "^2.8.1",
        "zod": "^3.25.76"
      },
      "bin": {
        "agentdb": "dist/agentdb/cli/agentdb-cli.js",
        "agentic-flow": "dist/cli-proxy.js"
      },
      "devDependencies": {
        "@types/better-sqlite3": "^7.6.13",
        "@types/express": "^5.0.3",
        "@types/node": "^20.19.19",
        "@types/uuid": "^11.0.0",
        "@types/ws": "^8.18.1",
        "@vitest/coverage-v8": "^4.0.14",
        "patch-package": "^8.0.1",
        "tsx": "^4.19.0",
        "typescript": "^5.6.3",
        "vitest": "^4.0.14"
      },
      "engines": {
        "node": ">=18.0.0"
      },
      "optionalDependencies": {
        "@ruvector/attention": "^0.1.4",
        "@ruvector/sona": "^0.1.4",
        "agentdb": "^2.0.0-alpha.3.4",
        "better-sqlite3": "^11.10.0",
        "onnxruntime-node": "^1.23.2",
        "sharp": "^0.32.6",
        "sql.js": "^1.11.0"
      }
    },
    "../../node_modules/.pnpm/typescript@5.9.3/node_modules/typescript": {
      "version": "5.9.3",
      "dev": true,
      "license": "Apache-2.0",
      "bin": {
        "tsc": "bin/tsc",
        "tsserver": "bin/tsserver"
      },
      "devDependencies": {
        "@dprint/formatter": "^0.4.1",
        "@dprint/typescript": "0.93.4",
        "@esfx/canceltoken": "^1.0.0",
        "@eslint/js": "^9.20.0",
        "@octokit/rest": "^21.1.1",
        "@types/chai": "^4.3.20",
        "@types/diff": "^7.0.1",
        "@types/minimist": "^1.2.5",
        "@types/mocha": "^10.0.10",
        "@types/ms": "^0.7.34",
        "@types/node": "latest",
        "@types/source-map-support": "^0.5.10",
        "@types/which": "^3.0.4",
        "@typescript-eslint/rule-tester": "^8.24.1",
        "@typescript-eslint/type-utils": "^8.24.1",
        "@typescript-eslint/utils": "^8.24.1",
        "azure-devops-node-api": "^14.1.0",
        "c8": "^10.1.3",
        "chai": "^4.5.0",
        "chokidar": "^4.0.3",
        "diff": "^7.0.0",
        "dprint": "^0.49.0",
        "esbuild": "^0.25.0",
        "eslint": "^9.20.1",
        "eslint-formatter-autolinkable-stylish": "^1.4.0",
        "eslint-plugin-regexp": "^2.7.0",
        "fast-xml-parser": "^4.5.2",
        "glob": "^10.4.5",
        "globals": "^15.15.0",
        "hereby": "^1.10.0",
        "jsonc-parser": "^3.3.1",
        "knip": "^5.44.4",
        "minimist": "^1.2.8",
        "mocha": "^10.8.2",
        "mocha-fivemat-progress-reporter": "^0.1.0",
        "monocart-coverage-reports": "^2.12.1",
        "ms": "^2.1.3",
        "picocolors": "^1.1.1",
        "playwright": "^1.50.1",
        "source-map-support": "^0.5.21",
        "tslib": "^2.8.1",
        "typescript": "^5.7.3",
        "typescript-eslint": "^8.24.1",
        "which": "^3.0.1"
      },
      "engines": {
        "node": ">=14.17"
      }
    },
    "../../node_modules/.pnpm/vitest@4.0.16_@opentelemetry+api@1.9.1_@types+node@20.19.27/node_modules/vitest": {
      "version": "4.0.16",
      "dev": true,
      "license": "MIT",
      "dependencies": {
        "@vitest/expect": "4.0.16",
        "@vitest/mocker": "4.0.16",
        "@vitest/pretty-format": "4.0.16",
        "@vitest/runner": "4.0.16",
        "@vitest/snapshot": "4.0.16",
        "@vitest/spy": "4.0.16",
        "@vitest/utils": "4.0.16",
        "es-module-lexer": "^1.7.0",
        "expect-type": "^1.2.2",
        "magic-string": "^0.30.21",
        "obug": "^2.1.1",
        "pathe": "^2.0.3",
        "picomatch": "^4.0.3",
        "std-env": "^3.10.0",
        "tinybench": "^2.9.0",
        "tinyexec": "^1.0.2",
        "tinyglobby": "^0.2.15",
        "tinyrainbow": "^3.0.3",
        "vite": "^6.0.0 || ^7.0.0",
        "why-is-node-running": "^2.3.0"
      },
      "bin": {
        "vitest": "vitest.mjs"
      },
      "devDependencies": {
        "@antfu/install-pkg": "^1.1.0",
        "@edge-runtime/vm": "^5.0.0",
        "@jridgewell/trace-mapping": "0.3.31",
        "@opentelemetry/api": "^1.9.0",
        "@sinonjs/fake-timers": "14.0.0",
        "@types/estree": "^1.0.8",
        "@types/istanbul-lib-coverage": "^2.0.6",
        "@types/istanbul-reports": "^3.0.4",
        "@types/jsdom": "^27.0.0",
        "@types/node": "^24.10.1",
        "@types/picomatch": "^4.0.2",
        "@types/prompts": "^2.4.9",
        "@types/sinonjs__fake-timers": "^8.1.5",
        "acorn-walk": "^8.3.4",
        "birpc": "^4.0.0",
        "cac": "^6.7.14",
        "empathic": "^2.0.0",
        "flatted": "^3.3.3",
        "happy-dom": "^20.0.11",
        "jsdom": "^27.2.0",
        "local-pkg": "^1.1.2",
        "mime": "^4.1.0",
        "prompts": "^2.4.2",
        "strip-literal": "^3.1.0",
        "ws": "^8.18.3"
      },
      "engines": {
        "node": "^20.0.0 || ^22.0.0 || >=24.0.0"
      },
      "funding": {
        "url": "https://opencollective.com/vitest"
      },
      "peerDependencies": {
        "@edge-runtime/vm": "*",
        "@opentelemetry/api": "^1.9.0",
        "@types/node": "^20.0.0 || ^22.0.0 || >=24.0.0",
        "@vitest/browser-playwright": "4.0.16",
        "@vitest/browser-preview": "4.0.16",
        "@vitest/browser-webdriverio": "4.0.16",
        "@vitest/ui": "4.0.16",
        "happy-dom": "*",
        "jsdom": "*"
      },
      "peerDependenciesMeta": {
        "@edge-runtime/vm": {
          "optional": true
        },
        "@opentelemetry/api": {
          "optional": true
        },
        "@types/node": {
          "optional": true
        },
        "@vitest/browser-playwright": {
          "optional": true
        },
        "@vitest/browser-preview": {
          "optional": true
        },
        "@vitest/browser-webdriverio": {
          "optional": true
        },
        "@vitest/ui": {
          "optional": true
        },
        "happy-dom": {
          "optional": true
        },
        "jsdom": {
          "optional": true
        }
      }
    },
    "../../node_modules/.pnpm/zod@3.25.76/node_modules/zod": {
      "version": "3.25.76",
      "license": "MIT",
      "funding": {
        "url": "https://github.com/sponsors/colinhacks"
      }
    },
    "node_modules/@types/node": {
      "resolved": "../../node_modules/.pnpm/@types+node@20.19.27/node_modules/@types/node",
      "link": true
    },
    "node_modules/agent-browser": {
      "version": "0.27.0",
      "resolved": "https://registry.npmjs.org/agent-browser/-/agent-browser-0.27.0.tgz",
      "integrity": "sha512-mmHzVsYFVA6nshNNGJzg83aVMgKpf4h98ytY3pvtJB1Cot0ZyA2bfnkbSngGD56Azkj+GlhVH6qx9DfKOVE0yg==",
      "hasInstallScript": true,
      "license": "Apache-2.0",
      "bin": {
        "agent-browser": "bin/agent-browser.js"
      }
    },
    "node_modules/agentic-flow": {
      "resolved": "../../node_modules/.pnpm/agentic-flow@2.0.3_@types+node@20.19.27_marked@11.2.0/node_modules/agentic-flow",
      "link": true
    },
    "node_modules/typescript": {
      "resolved": "../../node_modules/.pnpm/typescript@5.9.3/node_modules/typescript",
      "link": true
    },
    "node_modules/vitest": {
      "resolved": "../../node_modules/.pnpm/vitest@4.0.16_@opentelemetry+api@1.9.1_@types+node@20.19.27/node_modules/vitest",
      "link": true
    },
    "node_modules/zod": {
      "resolved": "../../node_modules/.pnpm/zod@3.25.76/node_modules/zod",
      "link": true
    }
  }
}
